{
  "requires": true,
  "lockfileVersion": 1,
  "dependencies": {
    "colors": {
      "version": "1.4.0",
      "resolved": "https://registry.npmmirror.com/colors/-/colors-1.4.0.tgz",
      "integrity": "sha512-a+UqTh4kgZg/SlGvfbzDHpgRu7AAQOmmqRHJnxhRZICKFUT91brVhNNt58CMWU9PsBbv3PDCZUHbVxuDiH2mtA=="
    },
    "crypto-js": {
      "version": "4.2.0",
      "resolved": "https://registry.npmmirror.com/crypto-js/-/crypto-js-4.2.0.tgz",
      "integrity": "sha512-KALDyEYgpY+Rlob/iriUtjV6d5Eq+Y191A5g4UqLAi8CyGP9N1+FdVbkc1SxKc2r4YAYqG8JzO2KGL+AizD70Q=="
    },
    "execjs": {
      "version": "1.0.7",
      "resolved": "https://registry.npmmirror.com/execjs/-/execjs-1.0.7.tgz",
      "integrity": "sha512-Hc9L2LYlr3Zy/uHG0dFYpLNKk07WndrcLfeUrwjapVrEvdpZCK5SPPzbSjr3B3q7fb7zAVZz23upPX2IBoEgDw==",
      "requires": {
        "colors": "*"
      }
    }
  }
}
